# This file was autogenerated by Stack.
# You should not edit this file by hand.
# For more information, please see the documentation at:
#   https://docs.haskellstack.org/en/stable/lock_files

packages:
- completed:
    hackage: language-lua-0.11.0.1@sha256:b3bdf864965279f830323d5ed7d38073b2687b3a07b7fa73aa13782560f48f89,2919
    pantry-tree:
      size: 3473
      sha256: e4f6fcc91fbde9c6a6e3c9281a51dee49706d5868866695cc09f9bdf031799d4
  original:
    hackage: language-lua-0.11.0.1
- completed:
    hackage: alex-tools-0.5.0.1@sha256:97ca9aa79d50151dd88b49b817389d92b2a70d13d9e4972e64eaf67aced97a2c,1023
    pantry-tree:
      size: 323
      sha256: 23db3c5cdcaa9b9807b067737b99a8504cb836e77b0c5c05644fe256ce34c8bf
  original:
    hackage: alex-tools-0.5.0.1
- completed:
    hackage: aeson-typescript-0.2.0.0@sha256:d4bd016c04612bd6cbc02e3e38315de3bbf4f50c408f720b4472928b6ac4b59f,2642
    pantry-tree:
      size: 1719
      sha256: 92ba5548e53be350edd6f5961a51375d77c0358a738a9a4f6bb496bf85f6935a
  original:
    hackage: aeson-typescript-0.2.0.0
- completed:
    hackage: servant-js-0.9.4.2@sha256:2419d2cba7ff71926293fa11fc50eaed24a77ba34e7c778eab4cfa1f4bc4a748,3385
    pantry-tree:
      size: 961
      sha256: c3c27de2989ed3537567ef531406ccd88c6e715cf85e8da554fca1da78c1104d
  original:
    hackage: servant-js-0.9.4.2@sha256:2419d2cba7ff71926293fa11fc50eaed24a77ba34e7c778eab4cfa1f4bc4a748,3385
snapshots:
- completed:
    size: 563103
    url: https://raw.githubusercontent.com/commercialhaskell/stackage-snapshots/master/lts/17/4.yaml
    sha256: f11e2153044f5f71ea7b1c9398f4721f517c9bd37642ed769647b896564021f3
  original: lts-17.4
