# This file was autogenerated by Stack.
# You should not edit this file by hand.
# For more information, please see the documentation at:
#   https://docs.haskellstack.org/en/stable/topics/lock_files

packages:
- completed:
    hackage: alex-tools-0.4@sha256:7f24cb60ba88b04196965e78d7944d638b1a6034f0c9284bdf7d95e05c7be7c3,995
    pantry-tree:
      sha256: 98715aed391e9e76b61cc0491843b2a860d0aba0d062a4a696574632b8ad6753
      size: 262
  original:
    hackage: alex-tools-0.4@sha256:7f24cb60ba88b04196965e78d7944d638b1a6034f0c9284bdf7d95e05c7be7c3
- completed:
    commit: 33971287445c5e2531d9605a287486dfc3cbe1da
    git: https://github.com/mirokuratczyk/htoml.git
    name: htoml
    pantry-tree:
      sha256: 7f4578a5e8c97ff32f6e136750447b2769e80e8ccc2eb9b92bb2b3a02acccf9d
      size: 10869
    version: 1.0.0.3
  original:
    commit: 33971287445c5e2531d9605a287486dfc3cbe1da
    git: https://github.com/mirokuratczyk/htoml.git
- completed:
    hackage: language-lua-0.11.0.1@sha256:b3bdf864965279f830323d5ed7d38073b2687b3a07b7fa73aa13782560f48f89,2919
    pantry-tree:
      sha256: e4f6fcc91fbde9c6a6e3c9281a51dee49706d5868866695cc09f9bdf031799d4
      size: 3473
  original:
    hackage: language-lua-0.11.0.1@sha256:b3bdf864965279f830323d5ed7d38073b2687b3a07b7fa73aa13782560f48f89
- completed:
    hackage: servant-js-0.9.4.2@sha256:b2d973b43bfa69f35900bf46e989348b7300c398b599ddf74b90a06173c023f2,3522
    pantry-tree:
      sha256: ba201c0f2aa274afa40dfd3c31abe6e5b0791f14320f7167e750c57508dc70f6
      size: 961
  original:
    hackage: servant-js-0.9.4.2@sha256:b2d973b43bfa69f35900bf46e989348b7300c398b599ddf74b90a06173c023f2
- completed:
    hackage: ginger-0.10.4.0@sha256:7ca26896395fda951443ed3bba5f24fd6036c44167d424e744d1e0c8c6b138fd,3855
    pantry-tree:
      sha256: c3d93b51ba0e76853b217debb662cdcf5eca78288d49c809f823be27a072bfbf
      size: 1430
  original:
    hackage: ginger-0.10.4.0
- completed:
    hackage: weeder-2.4.1@sha256:c770961b5f2d32f21eb9499954758eaf68044fc488439e2e6acf4fe1757f00d5,1959
    pantry-tree:
      sha256: 26b9aa41d2fa2555e5699004e34fae3d39a8163310e39ef46789180bf176cc40
      size: 439
  original:
    hackage: weeder-2.4.1
snapshots:
- completed:
    sha256: a81fb3877c4f9031e1325eb3935122e608d80715dc16b586eb11ddbff8671ecd
    size: 640086
    url: https://raw.githubusercontent.com/commercialhaskell/stackage-snapshots/master/lts/21/25.yaml
  original: lts-21.25
