{
  "name": "nitta-web-ui",
  "version": "0.1.0",
  "lockfileVersion": 1,
  "requires": true,
  "dependencies": {
    "@types/cheerio": {
      "version": "0.22.28",
      "resolved": "https://registry.npmjs.org/@types/cheerio/-/cheerio-0.22.28.tgz",
      "integrity": "sha512-ehUMGSW5IeDxJjbru4awKYMlKGmo1wSSGUVqXtYwlgmUM8X1a0PZttEIm6yEY7vHsY/hh6iPnklF213G0UColw==",
      "dev": true,
      "requires": {
        "@types/node": "*"
      }
    },
    "@types/enzyme": {
      "version": "3.10.8",
      "resolved": "https://registry.npmjs.org/@types/enzyme/-/enzyme-3.10.8.tgz",
      "integrity": "sha512-vlOuzqsTHxog6PV79+tvOHFb6hq4QZKMq1lLD9MaWD1oec2lHTKndn76XOpSwCA0oFTaIbKVPrgM3k78Jjd16g==",
      "dev": true,
      "requires": {
        "@types/cheerio": "*",
        "@types/react": "*"
      },
      "dependencies": {
        "@types/react": {
          "version": "17.0.3",
          "resolved": "https://registry.npmjs.org/@types/react/-/react-17.0.3.tgz",
          "integrity": "sha512-wYOUxIgs2HZZ0ACNiIayItyluADNbONl7kt8lkLjVK8IitMH5QMyAh75Fwhmo37r1m7L2JaFj03sIfxBVDvRAg==",
          "dev": true,
          "requires": {
            "@types/prop-types": "*",
            "@types/scheduler": "*",
            "csstype": "^3.0.2"
          }
        }
      }
    },
    "@types/node": {
      "version": "14.14.37",
      "resolved": "https://registry.npmjs.org/@types/node/-/node-14.14.37.tgz",
      "integrity": "sha512-XYmBiy+ohOR4Lh5jE379fV2IU+6Jn4g5qASinhitfyO71b/sCo6MKsMLF5tc7Zf2CE8hViVQyYSobJNke8OvUw==",
      "dev": true
    },
    "@types/prop-types": {
      "version": "15.7.3",
      "resolved": "https://registry.npmjs.org/@types/prop-types/-/prop-types-15.7.3.tgz",
      "integrity": "sha512-KfRL3PuHmqQLOG+2tGpRO26Ctg+Cq1E01D2DMriKEATHgWLfeNDmq9e29Q9WIky0dQ3NPkd1mzYH8Lm936Z9qw==",
      "dev": true
    },
    "@types/scheduler": {
      "version": "0.16.1",
      "resolved": "https://registry.npmjs.org/@types/scheduler/-/scheduler-0.16.1.tgz",
      "integrity": "sha512-EaCxbanVeyxDRTQBkdLb3Bvl/HK7PBK6UJjsSixB0iHKoWxE5uu2Q/DgtpOhPIojN0Zl1whvOd7PoHs2P0s5eA==",
      "dev": true
    },
    "csstype": {
      "version": "3.0.7",
      "resolved": "https://registry.npmjs.org/csstype/-/csstype-3.0.7.tgz",
      "integrity": "sha512-KxnUB0ZMlnUWCsx2Z8MUsr6qV6ja1w9ArPErJaJaF8a5SOWoHLIszeCTKGRGRgtLgYrs1E8CHkNSP1VZTTPc9g==",
      "dev": true
    }
  }
}
